
Microsoft Visual Studio Solution File, Format Version 12.00
# Visual Studio 15
VisualStudioVersion = 15.0.27703.2035
MinimumVisualStudioVersion = 10.0.40219.1
Project("{FAE04EC0-301F-11D3-BF4B-00C04F79EFBC}") = "RMSSDK_UI", "RMSSDK_UI\RMSSDK_UI.csproj", "{B71D0F8E-EDD4-4C67-9B05-9647C334516A}"
EndProject
Global
	GlobalSection(SolutionConfigurationPlatforms) = preSolution
		Debug|Any CPU = Debug|Any CPU
		Release|Any CPU = Release|Any CPU
	EndGlobalSection
	GlobalSection(ProjectConfigurationPlatforms) = postSolution
		{B71D0F8E-EDD4-4C67-9B05-9647C334516A}.Debug|Any CPU.ActiveCfg = Debug|Any CPU
		{B71D0F8E-EDD4-4C67-9B05-9647C334516A}.Debug|Any CPU.Build.0 = Debug|Any CPU
		{B71D0F8E-EDD4-4C67-9B05-9647C334516A}.Release|Any CPU.ActiveCfg = Release|Any CPU
		{B71D0F8E-EDD4-4C67-9B05-9647C334516A}.Release|Any CPU.Build.0 = Release|Any CPU
	EndGlobalSection
	GlobalSection(SolutionProperties) = preSolution
		HideSolutionNode = FALSE
	EndGlobalSection
	GlobalSection(ExtensibilityGlobals) = postSolution
		SolutionGuid = {57591E9A-ECA8-49E3-A061-F1D6054D637D}
	EndGlobalSection
EndGlobal
