
Microsoft Visual Studio Solution File, Format Version 12.00
# Visual Studio 15
VisualStudioVersion = 15.0.27703.2035
MinimumVisualStudioVersion = 10.0.40219.1
Project("{FAE04EC0-301F-11D3-BF4B-00C04F79EFBC}") = "RxAndroid", "RxAndroid\RxAndroid.csproj", "{58B9B4FA-694C-448F-A979-1DD42A5ADA87}"
EndProject
Global
	GlobalSection(SolutionConfigurationPlatforms) = preSolution
		Debug|Any CPU = Debug|Any CPU
		Release|Any CPU = Release|Any CPU
	EndGlobalSection
	GlobalSection(ProjectConfigurationPlatforms) = postSolution
		{58B9B4FA-694C-448F-A979-1DD42A5ADA87}.Debug|Any CPU.ActiveCfg = Debug|Any CPU
		{58B9B4FA-694C-448F-A979-1DD42A5ADA87}.Debug|Any CPU.Build.0 = Debug|Any CPU
		{58B9B4FA-694C-448F-A979-1DD42A5ADA87}.Release|Any CPU.ActiveCfg = Release|Any CPU
		{58B9B4FA-694C-448F-A979-1DD42A5ADA87}.Release|Any CPU.Build.0 = Release|Any CPU
	EndGlobalSection
	GlobalSection(SolutionProperties) = preSolution
		HideSolutionNode = FALSE
	EndGlobalSection
	GlobalSection(ExtensibilityGlobals) = postSolution
		SolutionGuid = {B17DAF79-7218-4CCB-B9BD-99DA40A779D0}
	EndGlobalSection
EndGlobal
