
Microsoft Visual Studio Solution File, Format Version 12.00
# Visual Studio Version 17
VisualStudioVersion = 17.6.33815.320
MinimumVisualStudioVersion = 10.0.40219.1
Project("{FAE04EC0-301F-11D3-BF4B-00C04F79EFBC}") = "Cropper", "Cropper\Cropper.csproj", "{3E056179-AF4C-4A4F-907C-CF6701D9B1D0}"
EndProject
Global
	GlobalSection(SolutionConfigurationPlatforms) = preSolution
		Debug|Any CPU = Debug|Any CPU
		Release|Any CPU = Release|Any CPU
	EndGlobalSection
	GlobalSection(ProjectConfigurationPlatforms) = postSolution
		{3E056179-AF4C-4A4F-907C-CF6701D9B1D0}.Debug|Any CPU.ActiveCfg = Debug|Any CPU
		{3E056179-AF4C-4A4F-907C-CF6701D9B1D0}.Debug|Any CPU.Build.0 = Debug|Any CPU
		{3E056179-AF4C-4A4F-907C-CF6701D9B1D0}.Release|Any CPU.ActiveCfg = Release|Any CPU
		{3E056179-AF4C-4A4F-907C-CF6701D9B1D0}.Release|Any CPU.Build.0 = Release|Any CPU
	EndGlobalSection
	GlobalSection(SolutionProperties) = preSolution
		HideSolutionNode = FALSE
	EndGlobalSection
	GlobalSection(ExtensibilityGlobals) = postSolution
		SolutionGuid = {31513048-CB8E-4787-BF0C-FD0F120626ED}
	EndGlobalSection
EndGlobal
