
Microsoft Visual Studio Solution File, Format Version 12.00
# Visual Studio Version 17
VisualStudioVersion = 17.8.34322.80
MinimumVisualStudioVersion = 10.0.40219.1
Project("{FAE04EC0-301F-11D3-BF4B-00C04F79EFBC}") = "FoxitUIExtensions", "FoxitUIExtensions\FoxitUIExtensions.csproj", "{08317B84-1A99-42C9-9E1F-2E7DFC3FF53B}"
EndProject
Global
	GlobalSection(SolutionConfigurationPlatforms) = preSolution
		Debug|Any CPU = Debug|Any CPU
		Release|Any CPU = Release|Any CPU
	EndGlobalSection
	GlobalSection(ProjectConfigurationPlatforms) = postSolution
		{08317B84-1A99-42C9-9E1F-2E7DFC3FF53B}.Debug|Any CPU.ActiveCfg = Debug|Any CPU
		{08317B84-1A99-42C9-9E1F-2E7DFC3FF53B}.Debug|Any CPU.Build.0 = Debug|Any CPU
		{08317B84-1A99-42C9-9E1F-2E7DFC3FF53B}.Release|Any CPU.ActiveCfg = Release|Any CPU
		{08317B84-1A99-42C9-9E1F-2E7DFC3FF53B}.Release|Any CPU.Build.0 = Release|Any CPU
	EndGlobalSection
	GlobalSection(SolutionProperties) = preSolution
		HideSolutionNode = FALSE
	EndGlobalSection
	GlobalSection(ExtensibilityGlobals) = postSolution
		SolutionGuid = {060BFE64-673B-4B5C-8370-DA5601C33B1F}
	EndGlobalSection
EndGlobal
