
Microsoft Visual Studio Solution File, Format Version 12.00
# Visual Studio Version 16
VisualStudioVersion = 16.0.29911.84
MinimumVisualStudioVersion = 10.0.40219.1
Project("{FAE04EC0-301F-11D3-BF4B-00C04F79EFBC}") = "FoxitUIExtensions", "FoxitUIExtensions\FoxitUIExtensions.csproj", "{5C736DEF-108D-4948-B06B-C7C7569F1E72}"
	ProjectSection(ProjectDependencies) = postProject
		{C3F70847-6341-4BEF-8C9B-224FF64065AE} = {C3F70847-6341-4BEF-8C9B-224FF64065AE}
	EndProjectSection
EndProject
Project("{FAE04EC0-301F-11D3-BF4B-00C04F79EFBC}") = "FoxitRDK", "..\FoxitRDK\FoxitRDK\FoxitRDK.csproj", "{C3F70847-6341-4BEF-8C9B-224FF64065AE}"
EndProject
Project("{FAE04EC0-301F-11D3-BF4B-00C04F79EFBC}") = "RxAndroid", "..\RxAndroid\RxAndroid\RxAndroid.csproj", "{58B9B4FA-694C-448F-A979-1DD42A5ADA87}"
EndProject
Project("{FAE04EC0-301F-11D3-BF4B-00C04F79EFBC}") = "Cropper", "..\Cropper\Cropper\Cropper.csproj", "{56CA4DBD-6301-40E4-B60A-55522674A0C0}"
EndProject
Global
	GlobalSection(SolutionConfigurationPlatforms) = preSolution
		Debug|Any CPU = Debug|Any CPU
		Release|Any CPU = Release|Any CPU
	EndGlobalSection
	GlobalSection(ProjectConfigurationPlatforms) = postSolution
		{5C736DEF-108D-4948-B06B-C7C7569F1E72}.Debug|Any CPU.ActiveCfg = Debug|Any CPU
		{5C736DEF-108D-4948-B06B-C7C7569F1E72}.Debug|Any CPU.Build.0 = Debug|Any CPU
		{5C736DEF-108D-4948-B06B-C7C7569F1E72}.Release|Any CPU.ActiveCfg = Release|Any CPU
		{5C736DEF-108D-4948-B06B-C7C7569F1E72}.Release|Any CPU.Build.0 = Release|Any CPU
		{C3F70847-6341-4BEF-8C9B-224FF64065AE}.Debug|Any CPU.ActiveCfg = Debug|Any CPU
		{C3F70847-6341-4BEF-8C9B-224FF64065AE}.Debug|Any CPU.Build.0 = Debug|Any CPU
		{C3F70847-6341-4BEF-8C9B-224FF64065AE}.Release|Any CPU.ActiveCfg = Release|Any CPU
		{C3F70847-6341-4BEF-8C9B-224FF64065AE}.Release|Any CPU.Build.0 = Release|Any CPU
		{58B9B4FA-694C-448F-A979-1DD42A5ADA87}.Debug|Any CPU.ActiveCfg = Debug|Any CPU
		{58B9B4FA-694C-448F-A979-1DD42A5ADA87}.Debug|Any CPU.Build.0 = Debug|Any CPU
		{58B9B4FA-694C-448F-A979-1DD42A5ADA87}.Release|Any CPU.ActiveCfg = Release|Any CPU
		{58B9B4FA-694C-448F-A979-1DD42A5ADA87}.Release|Any CPU.Build.0 = Release|Any CPU
		{56CA4DBD-6301-40E4-B60A-55522674A0C0}.Debug|Any CPU.ActiveCfg = Debug|Any CPU
		{56CA4DBD-6301-40E4-B60A-55522674A0C0}.Debug|Any CPU.Build.0 = Debug|Any CPU
		{56CA4DBD-6301-40E4-B60A-55522674A0C0}.Release|Any CPU.ActiveCfg = Release|Any CPU
		{56CA4DBD-6301-40E4-B60A-55522674A0C0}.Release|Any CPU.Build.0 = Release|Any CPU
	EndGlobalSection
	GlobalSection(SolutionProperties) = preSolution
		HideSolutionNode = FALSE
	EndGlobalSection
	GlobalSection(ExtensibilityGlobals) = postSolution
		SolutionGuid = {0F90DF8F-4FB0-4B08-874A-C4C1DD22C5A4}
	EndGlobalSection
EndGlobal
