
Microsoft Visual Studio Solution File, Format Version 12.00
# Visual Studio Version 16
VisualStudioVersion = 25.0.1706.2
MinimumVisualStudioVersion = 10.0.40219.1
Project("{FAE04EC0-301F-11D3-BF4B-00C04F79EFBC}") = "CompletePdfViewer.Xamarin", "CompletePdfViewer.Xamarin.csproj", "{99AF2731-C355-42E1-8B2E-857D4284FE86}"
EndProject
Global
	GlobalSection(SolutionConfigurationPlatforms) = preSolution
		Debug|iPhoneSimulator = Debug|iPhoneSimulator
		Release|iPhoneSimulator = Release|iPhoneSimulator
		Debug|iPhone = Debug|iPhone
		Release|iPhone = Release|iPhone
	EndGlobalSection
	GlobalSection(ProjectConfigurationPlatforms) = postSolution
		{99AF2731-C355-42E1-8B2E-857D4284FE86}.Debug|iPhoneSimulator.ActiveCfg = Debug|iPhoneSimulator
		{99AF2731-C355-42E1-8B2E-857D4284FE86}.Debug|iPhoneSimulator.Build.0 = Debug|iPhoneSimulator
		{99AF2731-C355-42E1-8B2E-857D4284FE86}.Release|iPhoneSimulator.ActiveCfg = Release|iPhoneSimulator
		{99AF2731-C355-42E1-8B2E-857D4284FE86}.Release|iPhoneSimulator.Build.0 = Release|iPhoneSimulator
		{99AF2731-C355-42E1-8B2E-857D4284FE86}.Debug|iPhone.ActiveCfg = Debug|iPhone
		{99AF2731-C355-42E1-8B2E-857D4284FE86}.Debug|iPhone.Build.0 = Debug|iPhone
		{99AF2731-C355-42E1-8B2E-857D4284FE86}.Release|iPhone.ActiveCfg = Release|iPhone
		{99AF2731-C355-42E1-8B2E-857D4284FE86}.Release|iPhone.Build.0 = Release|iPhone
	EndGlobalSection
	GlobalSection(SolutionProperties) = preSolution
		HideSolutionNode = FALSE
	EndGlobalSection
	GlobalSection(ExtensibilityGlobals) = postSolution
		SolutionGuid = {EE240341-CDA6-473E-A04F-678860D65C8C}
	EndGlobalSection
EndGlobal
