
Microsoft Visual Studio Solution File, Format Version 12.00
# Visual Studio Version 16
VisualStudioVersion = 16.0.29911.84
MinimumVisualStudioVersion = 10.0.40219.1
Project("{FAE04EC0-301F-11D3-BF4B-00C04F79EFBC}") = "FoxitRDK", "FoxitRDK\FoxitRDK.csproj", "{C3F70847-6341-4BEF-8C9B-224FF64065AE}"
	ProjectSection(ProjectDependencies) = postProject
		{16819400-81CE-41D5-B4DC-143E497294A3} = {16819400-81CE-41D5-B4DC-143E497294A3}
		{6A76571E-F970-45A6-83D8-6825D4C50906} = {6A76571E-F970-45A6-83D8-6825D4C50906}
		{B71D0F8E-EDD4-4C67-9B05-9647C334516A} = {B71D0F8E-EDD4-4C67-9B05-9647C334516A}
		{B5DFFAC1-AB50-4C58-8EEF-912011E1D7CA} = {B5DFFAC1-AB50-4C58-8EEF-912011E1D7CA}
		{9EF5F2DA-9804-4F7A-BF87-58E77EBB96A2} = {9EF5F2DA-9804-4F7A-BF87-58E77EBB96A2}
	EndProjectSection
EndProject
Project("{FAE04EC0-301F-11D3-BF4B-00C04F79EFBC}") = "RMSSDK", "..\RMSSDK\RMSSDK\RMSSDK.csproj", "{16819400-81CE-41D5-B4DC-143E497294A3}"
EndProject
Project("{FAE04EC0-301F-11D3-BF4B-00C04F79EFBC}") = "RMSSDK_UI", "..\RMSSDK_UI\RMSSDK_UI\RMSSDK_UI.csproj", "{B71D0F8E-EDD4-4C67-9B05-9647C334516A}"
EndProject
Project("{FAE04EC0-301F-11D3-BF4B-00C04F79EFBC}") = "XCrash", "..\Xcrash\Xcrash\XCrash.csproj", "{6A76571E-F970-45A6-83D8-6825D4C50906}"
EndProject
Project("{FAE04EC0-301F-11D3-BF4B-00C04F79EFBC}") = "MSAL", "..\MSAL\MSAL\MSAL.csproj", "{B5DFFAC1-AB50-4C58-8EEF-912011E1D7CA}"
EndProject
Project("{FAE04EC0-301F-11D3-BF4B-00C04F79EFBC}") = "MSCommon", "..\MSCommon\MSCommon\MSCommon.csproj", "{9EF5F2DA-9804-4F7A-BF87-58E77EBB96A2}"
EndProject
Global
	GlobalSection(SolutionConfigurationPlatforms) = preSolution
		Debug|Any CPU = Debug|Any CPU
		Release|Any CPU = Release|Any CPU
	EndGlobalSection
	GlobalSection(ProjectConfigurationPlatforms) = postSolution
		{C3F70847-6341-4BEF-8C9B-224FF64065AE}.Debug|Any CPU.ActiveCfg = Debug|Any CPU
		{C3F70847-6341-4BEF-8C9B-224FF64065AE}.Debug|Any CPU.Build.0 = Debug|Any CPU
		{C3F70847-6341-4BEF-8C9B-224FF64065AE}.Release|Any CPU.ActiveCfg = Release|Any CPU
		{C3F70847-6341-4BEF-8C9B-224FF64065AE}.Release|Any CPU.Build.0 = Release|Any CPU
		{16819400-81CE-41D5-B4DC-143E497294A3}.Debug|Any CPU.ActiveCfg = Debug|Any CPU
		{16819400-81CE-41D5-B4DC-143E497294A3}.Debug|Any CPU.Build.0 = Debug|Any CPU
		{16819400-81CE-41D5-B4DC-143E497294A3}.Release|Any CPU.ActiveCfg = Release|Any CPU
		{16819400-81CE-41D5-B4DC-143E497294A3}.Release|Any CPU.Build.0 = Release|Any CPU
		{B71D0F8E-EDD4-4C67-9B05-9647C334516A}.Debug|Any CPU.ActiveCfg = Debug|Any CPU
		{B71D0F8E-EDD4-4C67-9B05-9647C334516A}.Debug|Any CPU.Build.0 = Debug|Any CPU
		{B71D0F8E-EDD4-4C67-9B05-9647C334516A}.Release|Any CPU.ActiveCfg = Release|Any CPU
		{B71D0F8E-EDD4-4C67-9B05-9647C334516A}.Release|Any CPU.Build.0 = Release|Any CPU
		{6A76571E-F970-45A6-83D8-6825D4C50906}.Debug|Any CPU.ActiveCfg = Debug|Any CPU
		{6A76571E-F970-45A6-83D8-6825D4C50906}.Debug|Any CPU.Build.0 = Debug|Any CPU
		{6A76571E-F970-45A6-83D8-6825D4C50906}.Release|Any CPU.ActiveCfg = Release|Any CPU
		{6A76571E-F970-45A6-83D8-6825D4C50906}.Release|Any CPU.Build.0 = Release|Any CPU
		{B5DFFAC1-AB50-4C58-8EEF-912011E1D7CA}.Debug|Any CPU.ActiveCfg = Debug|Any CPU
		{B5DFFAC1-AB50-4C58-8EEF-912011E1D7CA}.Debug|Any CPU.Build.0 = Debug|Any CPU
		{B5DFFAC1-AB50-4C58-8EEF-912011E1D7CA}.Release|Any CPU.ActiveCfg = Release|Any CPU
		{B5DFFAC1-AB50-4C58-8EEF-912011E1D7CA}.Release|Any CPU.Build.0 = Release|Any CPU
		{9EF5F2DA-9804-4F7A-BF87-58E77EBB96A2}.Debug|Any CPU.ActiveCfg = Debug|Any CPU
		{9EF5F2DA-9804-4F7A-BF87-58E77EBB96A2}.Debug|Any CPU.Build.0 = Debug|Any CPU
		{9EF5F2DA-9804-4F7A-BF87-58E77EBB96A2}.Release|Any CPU.ActiveCfg = Release|Any CPU
		{9EF5F2DA-9804-4F7A-BF87-58E77EBB96A2}.Release|Any CPU.Build.0 = Release|Any CPU
	EndGlobalSection
	GlobalSection(SolutionProperties) = preSolution
		HideSolutionNode = FALSE
	EndGlobalSection
	GlobalSection(ExtensibilityGlobals) = postSolution
		SolutionGuid = {08019871-6E71-41BD-A5C8-51BD0992DF9C}
	EndGlobalSection
EndGlobal
